// !$*UTF8*$!
{
	archiveVersion = 1;
	classes = {
	};
	objectVersion = 46;
	objects = {

/* Begin PBXBuildFile section */
		4F61CF5B1DAAC5D900DA9E50 /* AppDelegate.swift in Sources */ = {isa = PBXBuildFile; fileRef = 4F61CF5A1DAAC5D900DA9E50 /* AppDelegate.swift */; };
		4F61CF5D1DAAC5D900DA9E50 /* ViewController.swift in Sources */ = {isa = PBXBuildFile; fileRef = 4F61CF5C1DAAC5D900DA9E50 /* ViewController.swift */; };
		4F61CF601DAAC5D900DA9E50 /* Main.storyboard in Resources */ = {isa = PBXBuildFile; fileRef = 4F61CF5E1DAAC5D900DA9E50 /* Main.storyboard */; };
		4F61CF621DAAC5D900DA9E50 /* Assets.xcassets in Resources */ = {isa = PBXBuildFile; fileRef = 4F61CF611DAAC5D900DA9E50 /* Assets.xcassets */; };
		4F61CF651DAAC5D900DA9E50 /* LaunchScreen.storyboard in Resources */ = {isa = PBXBuildFile; fileRef = 4F61CF631DAAC5D900DA9E50 /* LaunchScreen.storyboard */; };
/* End PBXBuildFile section */

/* Begin PBXFileReference section */
		4F61CF571DAAC5D900DA9E50 /* HealthFinder.app */ = {isa = PBXFileReference; explicitFileType = wrapper.application; includeInIndex = 0; path = HealthFinder.app; sourceTree = BUILT_PRODUCTS_DIR; };
		4F61CF5A1DAAC5D900DA9E50 /* AppDelegate.swift */ = {isa = PBXFileReference; lastKnownFileType = sourcecode.swift; path = AppDelegate.swift; sourceTree = "<group>"; };
		4F61CF5C1DAAC5D900DA9E50 /* ViewController.swift */ = {isa = PBXFileReference; lastKnownFileType = sourcecode.swift; path = ViewController.swift; sourceTree = "<group>"; };
		4F61CF5F1DAAC5D900DA9E50 /* Base */ = {isa = PBXFileReference; lastKnownFileType = file.storyboard; name = Base; path = Base.lproj/Main.storyboard; sourceTree = "<group>"; };
		4F61CF611DAAC5D900DA9E50 /* Assets.xcassets */ = {isa = PBXFileReference; lastKnownFileType = folder.assetcatalog; path = Assets.xcassets; sourceTree = "<group>"; };
		4F61CF641DAAC5D900DA9E50 /* Base */ = {isa = PBXFileReference; lastKnownFileType = file.storyboard; name = Base; path = Base.lproj/LaunchScreen.storyboard; sourceTree = "<group>"; };
		4F61CF661DAAC5D900DA9E50 /* Info.plist */ = {isa = PBXFileReference; lastKnownFileType = text.plist.xml; path = Info.plist; sourceTree = "<group>"; };
/* End PBXFileReference section */

/* Begin PBXFrameworksBuildPhase section */
		4F61CF541DAAC5D900DA9E50 /* Frameworks */ = {
			isa = PBXFrameworksBuildPhase;
			buildActionMask = 2147483647;
			files = (
			);
			runOnlyForDeploymentPostprocessing = 0;
		};
/* End PBXFrameworksBuildPhase section */

/* Begin PBXGroup section */
		4F61CF4E1DAAC5D900DA9E50 = {
			isa = PBXGroup;
			children = (
				4F61CF591DAAC5D900DA9E50 /* HealthFinder */,
				4F61CF581DAAC5D900DA9E50 /* Products */,
			);
			sourceTree = "<group>";
		};
		4F61CF581DAAC5D900DA9E50 /* Products */ = {
			isa = PBXGroup;
			children = (
				4F61CF571DAAC5D900DA9E50 /* HealthFinder.app */,
			);
			name = Products;
			sourceTree = "<group>";
		};
		4F61CF591DAAC5D900DA9E50 /* HealthFinder */ = {
			isa = PBXGroup;
			children = (
				4F61CF5A1DAAC5D900DA9E50 /* AppDelegate.swift */,
				4F61CF5C1DAAC5D900DA9E50 /* ViewController.swift */,
				4F61CF5E1DAAC5D900DA9E50 /* Main.storyboard */,
				4F61CF611DAAC5D900DA9E50 /* Assets.xcassets */,
				4F61CF631DAAC5D900DA9E50 /* LaunchScreen.storyboard */,
				4F61CF661DAAC5D900DA9E50 /* Info.plist */,
			);
			path = HealthFinder;
			sourceTree = "<group>";
		};
/* End PBXGroup section */

/* Begin PBXNativeTarget section */
		4F61CF561DAAC5D900DA9E50 /* HealthFinder */ = {
			isa = PBXNativeTarget;
			buildConfigurationList = 4F61CF691DAAC5D900DA9E50 /* Build configuration list for PBXNativeTarget "HealthFinder" */;
			buildPhases = (
				4F61CF531DAAC5D900DA9E50 /* Sources */,
				4F61CF541DAAC5D900DA9E50 /* Frameworks */,
				4F61CF551DAAC5D900DA9E50 /* Resources */,
			);
			buildRules = (
			);
			dependencies = (
			);
			name = HealthFinder;
			productName = HealthFinder;
			productReference = 4F61CF571DAAC5D900DA9E50 /* HealthFinder.app */;
			productType = "com.apple.product-type.application";
		};
/* End PBXNativeTarget section */

/* Begin PBXProject section */
		4F61CF4F1DAAC5D900DA9E50 /* Project object */ = {
			isa = PBXProject;
			attributes = {
				LastSwiftUpdateCheck = 0730;
				LastUpgradeCheck = 0730;
				ORGANIZATIONNAME = CS96SI;
				TargetAttributes = {
					4F61CF561DAAC5D900DA9E50 = {
						CreatedOnToolsVersion = 7.3.1;
					};
				};
			};
			buildConfigurationList = 4F61CF521DAAC5D900DA9E50 /* Build configuration list for PBXProject "HealthFinder" */;
			compatibilityVersion = "Xcode 3.2";
			developmentRegion = English;
			hasScannedForEncodings = 0;
			knownRegions = (
				en,
				Base,
			);
			mainGroup = 4F61CF4E1DAAC5D900DA9E50;
			productRefGroup = 4F61CF581DAAC5D900DA9E50 /* Products */;
			projectDirPath = "";
			projectRoot = "";
			targets = (
				4F61CF561DAAC5D900DA9E50 /* HealthFinder */,
			);
		};
/* End PBXProject section */

/* Begin PBXResourcesBuildPhase section */
		4F61CF551DAAC5D900DA9E50 /* Resources */ = {
			isa = PBXResourcesBuildPhase;
			buildActionMask = 2147483647;
			files = (
				4F61CF651DAAC5D900DA9E50 /* LaunchScreen.storyboard in Resources */,
				4F61CF621DAAC5D900DA9E50 /* Assets.xcassets in Resources */,
				4F61CF601DAAC5D900DA9E50 /* Main.storyboard in Resources */,
			);
			runOnlyForDeploymentPostprocessing = 0;
		};
/* End PBXResourcesBuildPhase section */

/* Begin PBXSourcesBuildPhase section */
		4F61CF531DAAC5D900DA9E50 /* Sources */ = {
			isa = PBXSourcesBuildPhase;
			buildActionMask = 2147483647;
			files = (
				4F61CF5D1DAAC5D900DA9E50 /* ViewController.swift in Sources */,
				4F61CF5B1DAAC5D900DA9E50 /* AppDelegate.swift in Sources */,
			);
			runOnlyForDeploymentPostprocessing = 0;
		};
/* End PBXSourcesBuildPhase section */

/* Begin PBXVariantGroup section */
		4F61CF5E1DAAC5D900DA9E50 /* Main.storyboard */ = {
			isa = PBXVariantGroup;
			children = (
				4F61CF5F1DAAC5D900DA9E50 /* Base */,
			);
			name = Main.storyboard;
			sourceTree = "<group>";
		};
		4F61CF631DAAC5D900DA9E50 /* LaunchScreen.storyboard */ = {
			isa = PBXVariantGroup;
			children = (
				4F61CF641DAAC5D900DA9E50 /* Base */,
			);
			name = LaunchScreen.storyboard;
			sourceTree = "<group>";
		};
/* End PBXVariantGroup section */

/* Begin XCBuildConfiguration section */
		4F61CF671DAAC5D900DA9E50 /* Debug */ = {
			isa = XCBuildConfiguration;
			buildSettings = {
				ALWAYS_SEARCH_USER_PATHS = NO;
				CLANG_ANALYZER_NONNULL = YES;
				CLANG_CXX_LANGUAGE_STANDARD = "gnu++0x";
				CLANG_CXX_LIBRARY = "libc++";
				CLANG_ENABLE_MODULES = YES;
				CLANG_ENABLE_OBJC_ARC = YES;
				CLANG_WARN_BOOL_CONVERSION = YES;
				CLANG_WARN_CONSTANT_CONVERSION = YES;
				CLANG_WARN_DIRECT_OBJC_ISA_USAGE = YES_ERROR;
				CLANG_WARN_EMPTY_BODY = YES;
				CLANG_WARN_ENUM_CONVERSION = YES;
				CLANG_WARN_INT_CONVERSION = YES;
				CLANG_WARN_OBJC_ROOT_CLASS = YES_ERROR;
				CLANG_WARN_UNREACHABLE_CODE = YES;
				CLANG_WARN__DUPLICATE_METHOD_MATCH = YES;
				"CODE_SIGN_IDENTITY[sdk=iphoneos*]" = "iPhone Developer";
				COPY_PHASE_STRIP = NO;
				DEBUG_INFORMATION_FORMAT = dwarf;
				ENABLE_STRICT_OBJC_MSGSEND = YES;
				ENABLE_TESTABILITY = YES;
				GCC_C_LANGUAGE_STANDARD = gnu99;
				GCC_DYNAMIC_NO_PIC = NO;
				GCC_NO_COMMON_BLOCKS = YES;
				GCC_OPTIMIZATION_LEVEL = 0;
				GCC_PREPROCESSOR_DEFINITIONS = (
					"DEBUG=1",
					"$(inherited)",
				);
				GCC_WARN_64_TO_32_BIT_CONVERSION = YES;
				GCC_WARN_ABOUT_RETURN_TYPE = YES_ERROR;
				GCC_WARN_UNDECLARED_SELECTOR = YES;
				GCC_WARN_UNINITIALIZED_AUTOS = YES_AGGRESSIVE;
				GCC_WARN_UNUSED_FUNCTION = YES;
				GCC_WARN_UNUSED_VARIABLE = YES;
				IPHONEOS_DEPLOYMENT_TARGET = 9.3;
				MTL_ENABLE_DEBUG_INFO = YES;
				ONLY_ACTIVE_ARCH = YES;
				SDKROOT = iphoneos;
				SWIFT_OPTIMIZATION_LEVEL = "-Onone";
			};
			name = Debug;
		};
		4F61CF681DAAC5D900DA9E50 /* Release */ = {
			isa = XCBuildConfiguration;
			buildSettings = {
				ALWAYS_SEARCH_USER_PATHS = NO;
				CLANG_ANALYZER_NONNULL = YES;
				CLANG_CXX_LANGUAGE_STANDARD = "gnu++0x";
				CLANG_CXX_LIBRARY = "libc++";
				CLANG_ENABLE_MODULES = YES;
				CLANG_ENABLE_OBJC_ARC = YES;
				CLANG_WARN_BOOL_CONVERSION = YES;
				CLANG_WARN_CONSTANT_CONVERSION = YES;
				CLANG_WARN_DIRECT_OBJC_ISA_USAGE = YES_ERROR;
				CLANG_WARN_EMPTY_BODY = YES;
				CLANG_WARN_ENUM_CONVERSION = YES;
				CLANG_WARN_INT_CONVERSION = YES;
				CLANG_WARN_OBJC_ROOT_CLASS = YES_ERROR;
				CLANG_WARN_UNREACHABLE_CODE = YES;
				CLANG_WARN__DUPLICATE_METHOD_MATCH = YES;
				"CODE_SIGN_IDENTITY[sdk=iphoneos*]" = "iPhone Developer";
				COPY_PHASE_STRIP = NO;
				DEBUG_INFORMATION_FORMAT = "dwarf-with-dsym";
				ENABLE_NS_ASSERTIONS = NO;
				ENABLE_STRICT_OBJC_MSGSEND = YES;
				GCC_C_LANGUAGE_STANDARD = gnu99;
				GCC_NO_COMMON_BLOCKS = YES;
				GCC_WARN_64_TO_32_BIT_CONVERSION = YES;
				GCC_WARN_ABOUT_RETURN_TYPE = YES_ERROR;
				GCC_WARN_UNDECLARED_SELECTOR = YES;
				GCC_WARN_UNINITIALIZED_AUTOS = YES_AGGRESSIVE;
				GCC_WARN_UNUSED_FUNCTION = YES;
				GCC_WARN_UNUSED_VARIABLE = YES;
				IPHONEOS_DEPLOYMENT_TARGET = 9.3;
				MTL_ENABLE_DEBUG_INFO = NO;
				SDKROOT = iphoneos;
				VALIDATE_PRODUCT = YES;
			};
			name = Release;
		};
		4F61CF6A1DAAC5D900DA9E50 /* Debug */ = {
			isa = XCBuildConfiguration;
			buildSettings = {
				ASSETCATALOG_COMPILER_APPICON_NAME = AppIcon;
				INFOPLIST_FILE = HealthFinder/Info.plist;
				LD_RUNPATH_SEARCH_PATHS = "$(inherited) @executable_path/Frameworks";
				PRODUCT_BUNDLE_IDENTIFIER = cs96si.HealthFinder;
				PRODUCT_NAME = "$(TARGET_NAME)";
			};
			name = Debug;
		};
		4F61CF6B1DAAC5D900DA9E50 /* Release */ = {
			isa = XCBuildConfiguration;
			buildSettings = {
				ASSETCATALOG_COMPILER_APPICON_NAME = AppIcon;
				INFOPLIST_FILE = HealthFinder/Info.plist;
				LD_RUNPATH_SEARCH_PATHS = "$(inherited) @executable_path/Frameworks";
				PRODUCT_BUNDLE_IDENTIFIER = cs96si.HealthFinder;
				PRODUCT_NAME = "$(TARGET_NAME)";
			};
			name = Release;
		};
/* End XCBuildConfiguration section */

/* Begin XCConfigurationList section */
		4F61CF521DAAC5D900DA9E50 /* Build configuration list for PBXProject "HealthFinder" */ = {
			isa = XCConfigurationList;
			buildConfigurations = (
				4F61CF671DAAC5D900DA9E50 /* Debug */,
				4F61CF681DAAC5D900DA9E50 /* Release */,
			);
			defaultConfigurationIsVisible = 0;
			defaultConfigurationName = Release;
		};
		4F61CF691DAAC5D900DA9E50 /* Build configuration list for PBXNativeTarget "HealthFinder" */ = {
			isa = XCConfigurationList;
			buildConfigurations = (
				4F61CF6A1DAAC5D900DA9E50 /* Debug */,
				4F61CF6B1DAAC5D900DA9E50 /* Release */,
			);
			defaultConfigurationIsVisible = 0;
		};
/* End XCConfigurationList section */
	};
	rootObject = 4F61CF4F1DAAC5D900DA9E50 /* Project object */;
}
